# THIS IS AN AUTOGENERATED FILE. DO NOT EDIT THIS FILE DIRECTLY.
# yarn lockfile v1


"@vant/weapp@^1.1.0":
  version "1.1.0"
  resolved "https://registry.npm.taobao.org/@vant/weapp/download/@vant/weapp-1.1.0.tgz#8f4cc3614af516df6f5bc847dc85c946b5389f85"
  integrity sha1-j0zDYUr1Ft9vW8hH3IXJRrU4n4U=
